
Microsoft Visual Studio Solution File, Format Version 12.00
# Visual Studio Version 17
VisualStudioVersion = 17.10.34928.147
MinimumVisualStudioVersion = 10.0.40219.1
Project("{FAE04EC0-301F-11D3-BF4B-00C04F79EFBC}") = "LivroAPI", "LivroAPI\LivroAPI.csproj", "{97A8055F-02A7-4385-A0DB-C33C8562419A}"
EndProject
Global
	GlobalSection(SolutionConfigurationPlatforms) = preSolution
		Debug|Any CPU = Debug|Any CPU
		Release|Any CPU = Release|Any CPU
	EndGlobalSection
	GlobalSection(ProjectConfigurationPlatforms) = postSolution
		{97A8055F-02A7-4385-A0DB-C33C8562419A}.Debug|Any CPU.ActiveCfg = Debug|Any CPU
		{97A8055F-02A7-4385-A0DB-C33C8562419A}.Debug|Any CPU.Build.0 = Debug|Any CPU
		{97A8055F-02A7-4385-A0DB-C33C8562419A}.Release|Any CPU.ActiveCfg = Release|Any CPU
		{97A8055F-02A7-4385-A0DB-C33C8562419A}.Release|Any CPU.Build.0 = Release|Any CPU
	EndGlobalSection
	GlobalSection(SolutionProperties) = preSolution
		HideSolutionNode = FALSE
	EndGlobalSection
	GlobalSection(ExtensibilityGlobals) = postSolution
		SolutionGuid = {C65837E5-DD80-4EB1-BAB3-32313F4B38C0}
	EndGlobalSection
EndGlobal
